
Microsoft Visual Studio Solution File, Format Version 12.00
# Visual Studio Version 17
VisualStudioVersion = 17.4.33205.214
MinimumVisualStudioVersion = 10.0.40219.1
Project("{9A19103F-16F7-4668-BE54-9A1E7A4F7556}") = "BaltaWeb", "BaltaWeb.csproj", "{3B7695AD-10B3-4316-9046-BC21B0DE8AE9}"
EndProject
Global
	GlobalSection(SolutionConfigurationPlatforms) = preSolution
		Debug|Any CPU = Debug|Any CPU
		Release|Any CPU = Release|Any CPU
	EndGlobalSection
	GlobalSection(ProjectConfigurationPlatforms) = postSolution
		{3B7695AD-10B3-4316-9046-BC21B0DE8AE9}.Debug|Any CPU.ActiveCfg = Debug|Any CPU
		{3B7695AD-10B3-4316-9046-BC21B0DE8AE9}.Debug|Any CPU.Build.0 = Debug|Any CPU
		{3B7695AD-10B3-4316-9046-BC21B0DE8AE9}.Release|Any CPU.ActiveCfg = Release|Any CPU
		{3B7695AD-10B3-4316-9046-BC21B0DE8AE9}.Release|Any CPU.Build.0 = Release|Any CPU
	EndGlobalSection
	GlobalSection(SolutionProperties) = preSolution
		HideSolutionNode = FALSE
	EndGlobalSection
	GlobalSection(ExtensibilityGlobals) = postSolution
		SolutionGuid = {886AF7C0-F370-469C-AA15-34127E9A478A}
	EndGlobalSection
EndGlobal
